{
  "schema_version": 1,
  "architectures": [
    "amd64"
  ],
  "base_image": "public.ecr.aws/docker/library/python:3.12.12-slim-bookworm@sha256:2986c55feb36e6cae00fa1fefb454283e4b33f35e75ff8bdd123b134130be301",
  "python": "3.12.12",
  "debian_snapshot": "20260301T000000Z",
  "shell_packages": {
    "bash": "5.2.15-2+b10",
    "coreutils": "9.1-1",
    "git": "1:2.39.5-0+deb12u3",
    "openssh-client": "1:9.2p1-2+deb12u7",
    "ripgrep": "13.0.0-4+b2",
    "curl": "7.88.1-10+deb12u14",
    "procps": "2:4.0.2-3",
    "jq": "1.6-2.1+deb12u1",
    "tini": "0.19.0-1+b3"
  },
  "requirements_sha256": "3276c12934510bd99b22f0f51c4f4094226e06fb431ecbf16bcc9dd5fdd9ea44",
  "tools": {
    "herdr": {
      "version": "0.9.1",
      "url": "https://github.com/herdrdev/herdr/releases/download/v0.9.1/herdr-linux-x86_64",
      "sha256": "2a02fed16beb651ef006e1d43f048f652ca4dc58ad053cd2d44450563d5c54b7",
      "version_output": "herdr 0.9.1"
    },
    "claude": {
      "version": "2.1.295",
      "url": "https://storage.googleapis.com/claude-code-dist-86c565f3-f756-42ad-8dfa-d59b1c096819/claude-code-releases/2.1.295/linux-x64/claude",
      "sha256": "4503bfe11a6c7fcc1e0b39b5e0d347c04248f750b03b0977b3ad6b531fe6f358",
      "version_output": "2.1.295 (Claude Code)"
    },
    "codex": {
      "version": "0.162.0",
      "url": "https://github.com/openai/codex/releases/download/rust-v0.162.0/codex-x86_64-unknown-linux-musl.tar.gz",
      "sha256": "8daf67f6261161aa5939d8d42a516032d760406216779d7ce6040f242140ff73",
      "member": "codex-x86_64-unknown-linux-musl",
      "version_output": "codex-cli 0.162.0"
    }
  }
}
